// !$*UTF8*$!
{
	archiveVersion = 1;
	classes = {
	};
	objectVersion = 56;
	objects = {

/* Begin PBXBuildFile section */
		018DEB162CC9098A007D0FDB /* AppDelegate.swift in Sources */ = {isa = PBXBuildFile; fileRef = 018DEB152CC9098A007D0FDB /* AppDelegate.swift */; };
		018DEB182CC9098A007D0FDB /* SceneDelegate.swift in Sources */ = {isa = PBXBuildFile; fileRef = 018DEB172CC9098A007D0FDB /* SceneDelegate.swift */; };
		018DEB1F2CC9098C007D0FDB /* Assets.xcassets in Resources */ = {isa = PBXBuildFile; fileRef = 018DEB1E2CC9098C007D0FDB /* Assets.xcassets */; };
		018DEB2D2CC90A2E007D0FDB /* ViewController.swift in Sources */ = {isa = PBXBuildFile; fileRef = 018DEB2C2CC90A2E007D0FDB /* ViewController.swift */; };
		018DEB2F2CC90A3A007D0FDB /* RainbowColors.swift in Sources */ = {isa = PBXBuildFile; fileRef = 018DEB2E2CC90A3A007D0FDB /* RainbowColors.swift */; };
		018DEB312CC90A54007D0FDB /* RainbowView.swift in Sources */ = {isa = PBXBuildFile; fileRef = 018DEB302CC90A54007D0FDB /* RainbowView.swift */; };
		018DEB342CC90AA7007D0FDB /* SnapKit in Frameworks */ = {isa = PBXBuildFile; productRef = 018DEB332CC90AA7007D0FDB /* SnapKit */; };
/* End PBXBuildFile section */

/* Begin PBXFileReference section */
		018DEB122CC9098A007D0FDB /* Week5_practice.app */ = {isa = PBXFileReference; explicitFileType = wrapper.application; includeInIndex = 0; path = Week5_practice.app; sourceTree = BUILT_PRODUCTS_DIR; };
		018DEB152CC9098A007D0FDB /* AppDelegate.swift */ = {isa = PBXFileReference; lastKnownFileType = sourcecode.swift; path = AppDelegate.swift; sourceTree = "<group>"; };
		018DEB172CC9098A007D0FDB /* SceneDelegate.swift */ = {isa = PBXFileReference; lastKnownFileType = sourcecode.swift; path = SceneDelegate.swift; sourceTree = "<group>"; };
		018DEB1E2CC9098C007D0FDB /* Assets.xcassets */ = {isa = PBXFileReference; lastKnownFileType = folder.assetcatalog; path = Assets.xcassets; sourceTree = "<group>"; };
		018DEB232CC9098C007D0FDB /* Info.plist */ = {isa = PBXFileReference; lastKnownFileType = text.plist.xml; path = Info.plist; sourceTree = "<group>"; };
		018DEB2C2CC90A2E007D0FDB /* ViewController.swift */ = {isa = PBXFileReference; lastKnownFileType = sourcecode.swift; path = ViewController.swift; sourceTree = "<group>"; };
		018DEB2E2CC90A3A007D0FDB /* RainbowColors.swift */ = {isa = PBXFileReference; lastKnownFileType = sourcecode.swift; path = RainbowColors.swift; sourceTree = "<group>"; };
		018DEB302CC90A54007D0FDB /* RainbowView.swift */ = {isa = PBXFileReference; lastKnownFileType = sourcecode.swift; path = RainbowView.swift; sourceTree = "<group>"; };
/* End PBXFileReference section */

/* Begin PBXFrameworksBuildPhase section */
		018DEB0F2CC9098A007D0FDB /* Frameworks */ = {
			isa = PBXFrameworksBuildPhase;
			buildActionMask = 2147483647;
			files = (
				018DEB342CC90AA7007D0FDB /* SnapKit in Frameworks */,
			);
			runOnlyForDeploymentPostprocessing = 0;
		};
/* End PBXFrameworksBuildPhase section */

/* Begin PBXGroup section */
		018DEB092CC90989007D0FDB = {
			isa = PBXGroup;
			children = (
				018DEB142CC9098A007D0FDB /* Week5_practice */,
				018DEB132CC9098A007D0FDB /* Products */,
			);
			sourceTree = "<group>";
		};
		018DEB132CC9098A007D0FDB /* Products */ = {
			isa = PBXGroup;
			children = (
				018DEB122CC9098A007D0FDB /* Week5_practice.app */,
			);
			name = Products;
			sourceTree = "<group>";
		};
		018DEB142CC9098A007D0FDB /* Week5_practice */ = {
			isa = PBXGroup;
			children = (
				018DEB2B2CC90A1C007D0FDB /* ViewControllers */,
				018DEB2A2CC90A16007D0FDB /* Models */,
				018DEB292CC90A0E007D0FDB /* Views */,
				018DEB152CC9098A007D0FDB /* AppDelegate.swift */,
				018DEB172CC9098A007D0FDB /* SceneDelegate.swift */,
				018DEB1E2CC9098C007D0FDB /* Assets.xcassets */,
				018DEB232CC9098C007D0FDB /* Info.plist */,
			);
			path = Week5_practice;
			sourceTree = "<group>";
		};
		018DEB292CC90A0E007D0FDB /* Views */ = {
			isa = PBXGroup;
			children = (
				018DEB302CC90A54007D0FDB /* RainbowView.swift */,
			);
			path = Views;
			sourceTree = "<group>";
		};
		018DEB2A2CC90A16007D0FDB /* Models */ = {
			isa = PBXGroup;
			children = (
				018DEB2E2CC90A3A007D0FDB /* RainbowColors.swift */,
			);
			path = Models;
			sourceTree = "<group>";
		};
		018DEB2B2CC90A1C007D0FDB /* ViewControllers */ = {
			isa = PBXGroup;
			children = (
				018DEB2C2CC90A2E007D0FDB /* ViewController.swift */,
			);
			path = ViewControllers;
			sourceTree = "<group>";
		};
/* End PBXGroup section */

/* Begin PBXNativeTarget section */
		018DEB112CC9098A007D0FDB /* Week5_practice */ = {
			isa = PBXNativeTarget;
			buildConfigurationList = 018DEB262CC9098C007D0FDB /* Build configuration list for PBXNativeTarget "Week5_practice" */;
			buildPhases = (
				018DEB0E2CC9098A007D0FDB /* Sources */,
				018DEB0F2CC9098A007D0FDB /* Frameworks */,
				018DEB102CC9098A007D0FDB /* Resources */,
			);
			buildRules = (
			);
			dependencies = (
			);
			name = Week5_practice;
			packageProductDependencies = (
				018DEB332CC90AA7007D0FDB /* SnapKit */,
			);
			productName = Week5_practice;
			productReference = 018DEB122CC9098A007D0FDB /* Week5_practice.app */;
			productType = "com.apple.product-type.application";
		};
/* End PBXNativeTarget section */

/* Begin PBXProject section */
		018DEB0A2CC90989007D0FDB /* Project object */ = {
			isa = PBXProject;
			attributes = {
				BuildIndependentTargetsInParallel = 1;
				LastSwiftUpdateCheck = 1520;
				LastUpgradeCheck = 1520;
				TargetAttributes = {
					018DEB112CC9098A007D0FDB = {
						CreatedOnToolsVersion = 15.2;
					};
				};
			};
			buildConfigurationList = 018DEB0D2CC90989007D0FDB /* Build configuration list for PBXProject "Week5_practice" */;
			compatibilityVersion = "Xcode 14.0";
			developmentRegion = en;
			hasScannedForEncodings = 0;
			knownRegions = (
				en,
				Base,
			);
			mainGroup = 018DEB092CC90989007D0FDB;
			packageReferences = (
				018DEB322CC90AA7007D0FDB /* XCRemoteSwiftPackageReference "SnapKit" */,
			);
			productRefGroup = 018DEB132CC9098A007D0FDB /* Products */;
			projectDirPath = "";
			projectRoot = "";
			targets = (
				018DEB112CC9098A007D0FDB /* Week5_practice */,
			);
		};
/* End PBXProject section */

/* Begin PBXResourcesBuildPhase section */
		018DEB102CC9098A007D0FDB /* Resources */ = {
			isa = PBXResourcesBuildPhase;
			buildActionMask = 2147483647;
			files = (
				018DEB1F2CC9098C007D0FDB /* Assets.xcassets in Resources */,
			);
			runOnlyForDeploymentPostprocessing = 0;
		};
/* End PBXResourcesBuildPhase section */

/* Begin PBXSourcesBuildPhase section */
		018DEB0E2CC9098A007D0FDB /* Sources */ = {
			isa = PBXSourcesBuildPhase;
			buildActionMask = 2147483647;
			files = (
				018DEB162CC9098A007D0FDB /* AppDelegate.swift in Sources */,
				018DEB2D2CC90A2E007D0FDB /* ViewController.swift in Sources */,
				018DEB312CC90A54007D0FDB /* RainbowView.swift in Sources */,
				018DEB2F2CC90A3A007D0FDB /* RainbowColors.swift in Sources */,
				018DEB182CC9098A007D0FDB /* SceneDelegate.swift in Sources */,
			);
			runOnlyForDeploymentPostprocessing = 0;
		};
/* End PBXSourcesBuildPhase section */

/* Begin XCBuildConfiguration section */
		018DEB242CC9098C007D0FDB /* Debug */ = {
			isa = XCBuildConfiguration;
			buildSettings = {
				ALWAYS_SEARCH_USER_PATHS = NO;
				ASSETCATALOG_COMPILER_GENERATE_SWIFT_ASSET_SYMBOL_EXTENSIONS = YES;
				CLANG_ANALYZER_NONNULL = YES;
				CLANG_ANALYZER_NUMBER_OBJECT_CONVERSION = YES_AGGRESSIVE;
				CLANG_CXX_LANGUAGE_STANDARD = "gnu++20";
				CLANG_ENABLE_MODULES = YES;
				CLANG_ENABLE_OBJC_ARC = YES;
				CLANG_ENABLE_OBJC_WEAK = YES;
				CLANG_WARN_BLOCK_CAPTURE_AUTORELEASING = YES;
				CLANG_WARN_BOOL_CONVERSION = YES;
				CLANG_WARN_COMMA = YES;
				CLANG_WARN_CONSTANT_CONVERSION = YES;
				CLANG_WARN_DEPRECATED_OBJC_IMPLEMENTATIONS = YES;
				CLANG_WARN_DIRECT_OBJC_ISA_USAGE = YES_ERROR;
				CLANG_WARN_DOCUMENTATION_COMMENTS = YES;
				CLANG_WARN_EMPTY_BODY = YES;
				CLANG_WARN_ENUM_CONVERSION = YES;
				CLANG_WARN_INFINITE_RECURSION = YES;
				CLANG_WARN_INT_CONVERSION = YES;
				CLANG_WARN_NON_LITERAL_NULL_CONVERSION = YES;
				CLANG_WARN_OBJC_IMPLICIT_RETAIN_SELF = YES;
				CLANG_WARN_OBJC_LITERAL_CONVERSION = YES;
				CLANG_WARN_OBJC_ROOT_CLASS = YES_ERROR;
				CLANG_WARN_QUOTED_INCLUDE_IN_FRAMEWORK_HEADER = YES;
				CLANG_WARN_RANGE_LOOP_ANALYSIS = YES;
				CLANG_WARN_STRICT_PROTOTYPES = YES;
				CLANG_WARN_SUSPICIOUS_MOVE = YES;
				CLANG_WARN_UNGUARDED_AVAILABILITY = YES_AGGRESSIVE;
				CLANG_WARN_UNREACHABLE_CODE = YES;
				CLANG_WARN__DUPLICATE_METHOD_MATCH = YES;
				COPY_PHASE_STRIP = NO;
				DEBUG_INFORMATION_FORMAT = dwarf;
				ENABLE_STRICT_OBJC_MSGSEND = YES;
				ENABLE_TESTABILITY = YES;
				ENABLE_USER_SCRIPT_SANDBOXING = YES;
				GCC_C_LANGUAGE_STANDARD = gnu17;
				GCC_DYNAMIC_NO_PIC = NO;
				GCC_NO_COMMON_BLOCKS = YES;
				GCC_OPTIMIZATION_LEVEL = 0;
				GCC_PREPROCESSOR_DEFINITIONS = (
					"DEBUG=1",
					"$(inherited)",
				);
				GCC_WARN_64_TO_32_BIT_CONVERSION = YES;
				GCC_WARN_ABOUT_RETURN_TYPE = YES_ERROR;
				GCC_WARN_UNDECLARED_SELECTOR = YES;
				GCC_WARN_UNINITIALIZED_AUTOS = YES_AGGRESSIVE;
				GCC_WARN_UNUSED_FUNCTION = YES;
				GCC_WARN_UNUSED_VARIABLE = YES;
				IPHONEOS_DEPLOYMENT_TARGET = 17.2;
				LOCALIZATION_PREFERS_STRING_CATALOGS = YES;
				MTL_ENABLE_DEBUG_INFO = INCLUDE_SOURCE;
				MTL_FAST_MATH = YES;
				ONLY_ACTIVE_ARCH = YES;
				SDKROOT = iphoneos;
				SWIFT_ACTIVE_COMPILATION_CONDITIONS = "DEBUG $(inherited)";
				SWIFT_OPTIMIZATION_LEVEL = "-Onone";
			};
			name = Debug;
		};
		018DEB252CC9098C007D0FDB /* Release */ = {
			isa = XCBuildConfiguration;
			buildSettings = {
				ALWAYS_SEARCH_USER_PATHS = NO;
				ASSETCATALOG_COMPILER_GENERATE_SWIFT_ASSET_SYMBOL_EXTENSIONS = YES;
				CLANG_ANALYZER_NONNULL = YES;
				CLANG_ANALYZER_NUMBER_OBJECT_CONVERSION = YES_AGGRESSIVE;
				CLANG_CXX_LANGUAGE_STANDARD = "gnu++20";
				CLANG_ENABLE_MODULES = YES;
				CLANG_ENABLE_OBJC_ARC = YES;
				CLANG_ENABLE_OBJC_WEAK = YES;
				CLANG_WARN_BLOCK_CAPTURE_AUTORELEASING = YES;
				CLANG_WARN_BOOL_CONVERSION = YES;
				CLANG_WARN_COMMA = YES;
				CLANG_WARN_CONSTANT_CONVERSION = YES;
				CLANG_WARN_DEPRECATED_OBJC_IMPLEMENTATIONS = YES;
				CLANG_WARN_DIRECT_OBJC_ISA_USAGE = YES_ERROR;
				CLANG_WARN_DOCUMENTATION_COMMENTS = YES;
				CLANG_WARN_EMPTY_BODY = YES;
				CLANG_WARN_ENUM_CONVERSION = YES;
				CLANG_WARN_INFINITE_RECURSION = YES;
				CLANG_WARN_INT_CONVERSION = YES;
				CLANG_WARN_NON_LITERAL_NULL_CONVERSION = YES;
				CLANG_WARN_OBJC_IMPLICIT_RETAIN_SELF = YES;
				CLANG_WARN_OBJC_LITERAL_CONVERSION = YES;
				CLANG_WARN_OBJC_ROOT_CLASS = YES_ERROR;
				CLANG_WARN_QUOTED_INCLUDE_IN_FRAMEWORK_HEADER = YES;
				CLANG_WARN_RANGE_LOOP_ANALYSIS = YES;
				CLANG_WARN_STRICT_PROTOTYPES = YES;
				CLANG_WARN_SUSPICIOUS_MOVE = YES;
				CLANG_WARN_UNGUARDED_AVAILABILITY = YES_AGGRESSIVE;
				CLANG_WARN_UNREACHABLE_CODE = YES;
				CLANG_WARN__DUPLICATE_METHOD_MATCH = YES;
				COPY_PHASE_STRIP = NO;
				DEBUG_INFORMATION_FORMAT = "dwarf-with-dsym";
				ENABLE_NS_ASSERTIONS = NO;
				ENABLE_STRICT_OBJC_MSGSEND = YES;
				ENABLE_USER_SCRIPT_SANDBOXING = YES;
				GCC_C_LANGUAGE_STANDARD = gnu17;
				GCC_NO_COMMON_BLOCKS = YES;
				GCC_WARN_64_TO_32_BIT_CONVERSION = YES;
				GCC_WARN_ABOUT_RETURN_TYPE = YES_ERROR;
				GCC_WARN_UNDECLARED_SELECTOR = YES;
				GCC_WARN_UNINITIALIZED_AUTOS = YES_AGGRESSIVE;
				GCC_WARN_UNUSED_FUNCTION = YES;
				GCC_WARN_UNUSED_VARIABLE = YES;
				IPHONEOS_DEPLOYMENT_TARGET = 17.2;
				LOCALIZATION_PREFERS_STRING_CATALOGS = YES;
				MTL_ENABLE_DEBUG_INFO = NO;
				MTL_FAST_MATH = YES;
				SDKROOT = iphoneos;
				SWIFT_COMPILATION_MODE = wholemodule;
				VALIDATE_PRODUCT = YES;
			};
			name = Release;
		};
		018DEB272CC9098C007D0FDB /* Debug */ = {
			isa = XCBuildConfiguration;
			buildSettings = {
				ASSETCATALOG_COMPILER_APPICON_NAME = AppIcon;
				ASSETCATALOG_COMPILER_GLOBAL_ACCENT_COLOR_NAME = AccentColor;
				CODE_SIGN_STYLE = Automatic;
				CURRENT_PROJECT_VERSION = 1;
				DEVELOPMENT_TEAM = 4A47BUDSR5;
				GENERATE_INFOPLIST_FILE = YES;
				INFOPLIST_FILE = Week5_practice/Info.plist;
				INFOPLIST_KEY_UIApplicationSupportsIndirectInputEvents = YES;
				INFOPLIST_KEY_UILaunchStoryboardName = LaunchScreen;
				INFOPLIST_KEY_UISupportedInterfaceOrientations_iPad = "UIInterfaceOrientationPortrait UIInterfaceOrientationPortraitUpsideDown UIInterfaceOrientationLandscapeLeft UIInterfaceOrientationLandscapeRight";
				INFOPLIST_KEY_UISupportedInterfaceOrientations_iPhone = "UIInterfaceOrientationPortrait UIInterfaceOrientationLandscapeLeft UIInterfaceOrientationLandscapeRight";
				LD_RUNPATH_SEARCH_PATHS = (
					"$(inherited)",
					"@executable_path/Frameworks",
				);
				MARKETING_VERSION = 1.0;
				PRODUCT_BUNDLE_IDENTIFIER = "kr.xoul.Week5-practice";
				PRODUCT_NAME = "$(TARGET_NAME)";
				SWIFT_EMIT_LOC_STRINGS = YES;
				SWIFT_VERSION = 5.0;
				TARGETED_DEVICE_FAMILY = "1,2";
			};
			name = Debug;
		};
		018DEB282CC9098C007D0FDB /* Release */ = {
			isa = XCBuildConfiguration;
			buildSettings = {
				ASSETCATALOG_COMPILER_APPICON_NAME = AppIcon;
				ASSETCATALOG_COMPILER_GLOBAL_ACCENT_COLOR_NAME = AccentColor;
				CODE_SIGN_STYLE = Automatic;
				CURRENT_PROJECT_VERSION = 1;
				DEVELOPMENT_TEAM = 4A47BUDSR5;
				GENERATE_INFOPLIST_FILE = YES;
				INFOPLIST_FILE = Week5_practice/Info.plist;
				INFOPLIST_KEY_UIApplicationSupportsIndirectInputEvents = YES;
				INFOPLIST_KEY_UILaunchStoryboardName = LaunchScreen;
				INFOPLIST_KEY_UISupportedInterfaceOrientations_iPad = "UIInterfaceOrientationPortrait UIInterfaceOrientationPortraitUpsideDown UIInterfaceOrientationLandscapeLeft UIInterfaceOrientationLandscapeRight";
				INFOPLIST_KEY_UISupportedInterfaceOrientations_iPhone = "UIInterfaceOrientationPortrait UIInterfaceOrientationLandscapeLeft UIInterfaceOrientationLandscapeRight";
				LD_RUNPATH_SEARCH_PATHS = (
					"$(inherited)",
					"@executable_path/Frameworks",
				);
				MARKETING_VERSION = 1.0;
				PRODUCT_BUNDLE_IDENTIFIER = "kr.xoul.Week5-practice";
				PRODUCT_NAME = "$(TARGET_NAME)";
				SWIFT_EMIT_LOC_STRINGS = YES;
				SWIFT_VERSION = 5.0;
				TARGETED_DEVICE_FAMILY = "1,2";
			};
			name = Release;
		};
/* End XCBuildConfiguration section */

/* Begin XCConfigurationList section */
		018DEB0D2CC90989007D0FDB /* Build configuration list for PBXProject "Week5_practice" */ = {
			isa = XCConfigurationList;
			buildConfigurations = (
				018DEB242CC9098C007D0FDB /* Debug */,
				018DEB252CC9098C007D0FDB /* Release */,
			);
			defaultConfigurationIsVisible = 0;
			defaultConfigurationName = Release;
		};
		018DEB262CC9098C007D0FDB /* Build configuration list for PBXNativeTarget "Week5_practice" */ = {
			isa = XCConfigurationList;
			buildConfigurations = (
				018DEB272CC9098C007D0FDB /* Debug */,
				018DEB282CC9098C007D0FDB /* Release */,
			);
			defaultConfigurationIsVisible = 0;
			defaultConfigurationName = Release;
		};
/* End XCConfigurationList section */

/* Begin XCRemoteSwiftPackageReference section */
		018DEB322CC90AA7007D0FDB /* XCRemoteSwiftPackageReference "SnapKit" */ = {
			isa = XCRemoteSwiftPackageReference;
			repositoryURL = "https://github.com/SnapKit/SnapKit";
			requirement = {
				kind = upToNextMajorVersion;
				minimumVersion = 5.7.1;
			};
		};
/* End XCRemoteSwiftPackageReference section */

/* Begin XCSwiftPackageProductDependency section */
		018DEB332CC90AA7007D0FDB /* SnapKit */ = {
			isa = XCSwiftPackageProductDependency;
			package = 018DEB322CC90AA7007D0FDB /* XCRemoteSwiftPackageReference "SnapKit" */;
			productName = SnapKit;
		};
/* End XCSwiftPackageProductDependency section */
	};
	rootObject = 018DEB0A2CC90989007D0FDB /* Project object */;
}
