// !$*UTF8*$!
{
	archiveVersion = 1;
	classes = {
	};
	objectVersion = 77;
	objects = {

/* Begin PBXBuildFile section */
		1EB2ABA82CBE850400782620 /* Then in Frameworks */ = {isa = PBXBuildFile; productRef = 1EB2ABA72CBE850400782620 /* Then */; };
		1ECD20322CB995D3007DFF8D /* SnapKit in Frameworks */ = {isa = PBXBuildFile; productRef = 1ECD20312CB995D3007DFF8D /* SnapKit */; };
/* End PBXBuildFile section */

/* Begin PBXContainerItemProxy section */
		1ECD1FE72CB9774B007DFF8D /* PBXContainerItemProxy */ = {
			isa = PBXContainerItemProxy;
			containerPortal = 1ECD1FC82CB97749007DFF8D /* Project object */;
			proxyType = 1;
			remoteGlobalIDString = 1ECD1FCF2CB97749007DFF8D;
			remoteInfo = KREAM;
		};
		1ECD1FF12CB9774B007DFF8D /* PBXContainerItemProxy */ = {
			isa = PBXContainerItemProxy;
			containerPortal = 1ECD1FC82CB97749007DFF8D /* Project object */;
			proxyType = 1;
			remoteGlobalIDString = 1ECD1FCF2CB97749007DFF8D;
			remoteInfo = KREAM;
		};
/* End PBXContainerItemProxy section */

/* Begin PBXFileReference section */
		1ECD1FD02CB97749007DFF8D /* KREAM.app */ = {isa = PBXFileReference; explicitFileType = wrapper.application; includeInIndex = 0; path = KREAM.app; sourceTree = BUILT_PRODUCTS_DIR; };
		1ECD1FE62CB9774B007DFF8D /* KREAMTests.xctest */ = {isa = PBXFileReference; explicitFileType = wrapper.cfbundle; includeInIndex = 0; path = KREAMTests.xctest; sourceTree = BUILT_PRODUCTS_DIR; };
		1ECD1FF02CB9774B007DFF8D /* KREAMUITests.xctest */ = {isa = PBXFileReference; explicitFileType = wrapper.cfbundle; includeInIndex = 0; path = KREAMUITests.xctest; sourceTree = BUILT_PRODUCTS_DIR; };
/* End PBXFileReference section */

/* Begin PBXFileSystemSynchronizedBuildFileExceptionSet section */
		1ECD202F2CB97C76007DFF8D /* Exceptions for "KREAM" folder in "KREAM" target */ = {
			isa = PBXFileSystemSynchronizedBuildFileExceptionSet;
			membershipExceptions = (
				Info.plist,
			);
			target = 1ECD1FCF2CB97749007DFF8D /* KREAM */;
		};
/* End PBXFileSystemSynchronizedBuildFileExceptionSet section */

/* Begin PBXFileSystemSynchronizedRootGroup section */
		1ECD1FD22CB97749007DFF8D /* KREAM */ = {
			isa = PBXFileSystemSynchronizedRootGroup;
			exceptions = (
				1ECD202F2CB97C76007DFF8D /* Exceptions for "KREAM" folder in "KREAM" target */,
			);
			path = KREAM;
			sourceTree = "<group>";
		};
/* End PBXFileSystemSynchronizedRootGroup section */

/* Begin PBXFrameworksBuildPhase section */
		1ECD1FCD2CB97749007DFF8D /* Frameworks */ = {
			isa = PBXFrameworksBuildPhase;
			buildActionMask = 2147483647;
			files = (
				1ECD20322CB995D3007DFF8D /* SnapKit in Frameworks */,
				1EB2ABA82CBE850400782620 /* Then in Frameworks */,
			);
			runOnlyForDeploymentPostprocessing = 0;
		};
		1ECD1FE32CB9774B007DFF8D /* Frameworks */ = {
			isa = PBXFrameworksBuildPhase;
			buildActionMask = 2147483647;
			files = (
			);
			runOnlyForDeploymentPostprocessing = 0;
		};
		1ECD1FED2CB9774B007DFF8D /* Frameworks */ = {
			isa = PBXFrameworksBuildPhase;
			buildActionMask = 2147483647;
			files = (
			);
			runOnlyForDeploymentPostprocessing = 0;
		};
/* End PBXFrameworksBuildPhase section */

/* Begin PBXGroup section */
		1ECD1FC72CB97749007DFF8D = {
			isa = PBXGroup;
			children = (
				1ECD1FD22CB97749007DFF8D /* KREAM */,
				1ECD1FD12CB97749007DFF8D /* Products */,
			);
			sourceTree = "<group>";
		};
		1ECD1FD12CB97749007DFF8D /* Products */ = {
			isa = PBXGroup;
			children = (
				1ECD1FD02CB97749007DFF8D /* KREAM.app */,
				1ECD1FE62CB9774B007DFF8D /* KREAMTests.xctest */,
				1ECD1FF02CB9774B007DFF8D /* KREAMUITests.xctest */,
			);
			name = Products;
			sourceTree = "<group>";
		};
/* End PBXGroup section */

/* Begin PBXNativeTarget section */
		1ECD1FCF2CB97749007DFF8D /* KREAM */ = {
			isa = PBXNativeTarget;
			buildConfigurationList = 1ECD1FF92CB9774B007DFF8D /* Build configuration list for PBXNativeTarget "KREAM" */;
			buildPhases = (
				1ECD1FCC2CB97749007DFF8D /* Sources */,
				1ECD1FCD2CB97749007DFF8D /* Frameworks */,
				1ECD1FCE2CB97749007DFF8D /* Resources */,
			);
			buildRules = (
			);
			dependencies = (
			);
			fileSystemSynchronizedGroups = (
				1ECD1FD22CB97749007DFF8D /* KREAM */,
			);
			name = KREAM;
			packageProductDependencies = (
				1ECD20312CB995D3007DFF8D /* SnapKit */,
				1EB2ABA72CBE850400782620 /* Then */,
			);
			productName = KREAM;
			productReference = 1ECD1FD02CB97749007DFF8D /* KREAM.app */;
			productType = "com.apple.product-type.application";
		};
		1ECD1FE52CB9774B007DFF8D /* KREAMTests */ = {
			isa = PBXNativeTarget;
			buildConfigurationList = 1ECD1FFE2CB9774B007DFF8D /* Build configuration list for PBXNativeTarget "KREAMTests" */;
			buildPhases = (
				1ECD1FE22CB9774B007DFF8D /* Sources */,
				1ECD1FE32CB9774B007DFF8D /* Frameworks */,
				1ECD1FE42CB9774B007DFF8D /* Resources */,
			);
			buildRules = (
			);
			dependencies = (
				1ECD1FE82CB9774B007DFF8D /* PBXTargetDependency */,
			);
			name = KREAMTests;
			packageProductDependencies = (
			);
			productName = KREAMTests;
			productReference = 1ECD1FE62CB9774B007DFF8D /* KREAMTests.xctest */;
			productType = "com.apple.product-type.bundle.unit-test";
		};
		1ECD1FEF2CB9774B007DFF8D /* KREAMUITests */ = {
			isa = PBXNativeTarget;
			buildConfigurationList = 1ECD20012CB9774B007DFF8D /* Build configuration list for PBXNativeTarget "KREAMUITests" */;
			buildPhases = (
				1ECD1FEC2CB9774B007DFF8D /* Sources */,
				1ECD1FED2CB9774B007DFF8D /* Frameworks */,
				1ECD1FEE2CB9774B007DFF8D /* Resources */,
			);
			buildRules = (
			);
			dependencies = (
				1ECD1FF22CB9774B007DFF8D /* PBXTargetDependency */,
			);
			name = KREAMUITests;
			packageProductDependencies = (
			);
			productName = KREAMUITests;
			productReference = 1ECD1FF02CB9774B007DFF8D /* KREAMUITests.xctest */;
			productType = "com.apple.product-type.bundle.ui-testing";
		};
/* End PBXNativeTarget section */

/* Begin PBXProject section */
		1ECD1FC82CB97749007DFF8D /* Project object */ = {
			isa = PBXProject;
			attributes = {
				BuildIndependentTargetsInParallel = 1;
				LastSwiftUpdateCheck = 1600;
				LastUpgradeCheck = 1600;
				TargetAttributes = {
					1ECD1FCF2CB97749007DFF8D = {
						CreatedOnToolsVersion = 16.0;
					};
					1ECD1FE52CB9774B007DFF8D = {
						CreatedOnToolsVersion = 16.0;
						TestTargetID = 1ECD1FCF2CB97749007DFF8D;
					};
					1ECD1FEF2CB9774B007DFF8D = {
						CreatedOnToolsVersion = 16.0;
						TestTargetID = 1ECD1FCF2CB97749007DFF8D;
					};
				};
			};
			buildConfigurationList = 1ECD1FCB2CB97749007DFF8D /* Build configuration list for PBXProject "KREAM" */;
			developmentRegion = en;
			hasScannedForEncodings = 0;
			knownRegions = (
				en,
				Base,
			);
			mainGroup = 1ECD1FC72CB97749007DFF8D;
			minimizedProjectReferenceProxies = 1;
			packageReferences = (
				1ECD20302CB995D3007DFF8D /* XCRemoteSwiftPackageReference "SnapKit" */,
				1EB2ABA62CBE850400782620 /* XCRemoteSwiftPackageReference "Then" */,
			);
			preferredProjectObjectVersion = 77;
			productRefGroup = 1ECD1FD12CB97749007DFF8D /* Products */;
			projectDirPath = "";
			projectRoot = "";
			targets = (
				1ECD1FCF2CB97749007DFF8D /* KREAM */,
				1ECD1FE52CB9774B007DFF8D /* KREAMTests */,
				1ECD1FEF2CB9774B007DFF8D /* KREAMUITests */,
			);
		};
/* End PBXProject section */

/* Begin PBXResourcesBuildPhase section */
		1ECD1FCE2CB97749007DFF8D /* Resources */ = {
			isa = PBXResourcesBuildPhase;
			buildActionMask = 2147483647;
			files = (
			);
			runOnlyForDeploymentPostprocessing = 0;
		};
		1ECD1FE42CB9774B007DFF8D /* Resources */ = {
			isa = PBXResourcesBuildPhase;
			buildActionMask = 2147483647;
			files = (
			);
			runOnlyForDeploymentPostprocessing = 0;
		};
		1ECD1FEE2CB9774B007DFF8D /* Resources */ = {
			isa = PBXResourcesBuildPhase;
			buildActionMask = 2147483647;
			files = (
			);
			runOnlyForDeploymentPostprocessing = 0;
		};
/* End PBXResourcesBuildPhase section */

/* Begin PBXSourcesBuildPhase section */
		1ECD1FCC2CB97749007DFF8D /* Sources */ = {
			isa = PBXSourcesBuildPhase;
			buildActionMask = 2147483647;
			files = (
			);
			runOnlyForDeploymentPostprocessing = 0;
		};
		1ECD1FE22CB9774B007DFF8D /* Sources */ = {
			isa = PBXSourcesBuildPhase;
			buildActionMask = 2147483647;
			files = (
			);
			runOnlyForDeploymentPostprocessing = 0;
		};
		1ECD1FEC2CB9774B007DFF8D /* Sources */ = {
			isa = PBXSourcesBuildPhase;
			buildActionMask = 2147483647;
			files = (
			);
			runOnlyForDeploymentPostprocessing = 0;
		};
/* End PBXSourcesBuildPhase section */

/* Begin PBXTargetDependency section */
		1ECD1FE82CB9774B007DFF8D /* PBXTargetDependency */ = {
			isa = PBXTargetDependency;
			target = 1ECD1FCF2CB97749007DFF8D /* KREAM */;
			targetProxy = 1ECD1FE72CB9774B007DFF8D /* PBXContainerItemProxy */;
		};
		1ECD1FF22CB9774B007DFF8D /* PBXTargetDependency */ = {
			isa = PBXTargetDependency;
			target = 1ECD1FCF2CB97749007DFF8D /* KREAM */;
			targetProxy = 1ECD1FF12CB9774B007DFF8D /* PBXContainerItemProxy */;
		};
/* End PBXTargetDependency section */

/* Begin XCBuildConfiguration section */
		1ECD1FFA2CB9774B007DFF8D /* Debug */ = {
			isa = XCBuildConfiguration;
			buildSettings = {
				ASSETCATALOG_COMPILER_APPICON_NAME = AppIcon;
				ASSETCATALOG_COMPILER_GLOBAL_ACCENT_COLOR_NAME = AccentColor;
				CODE_SIGN_STYLE = Automatic;
				CURRENT_PROJECT_VERSION = 1;
				GENERATE_INFOPLIST_FILE = YES;
				INFOPLIST_FILE = KREAM/Info.plist;
				INFOPLIST_KEY_UIApplicationSupportsIndirectInputEvents = YES;
				INFOPLIST_KEY_UILaunchStoryboardName = LaunchScreen;
				INFOPLIST_KEY_UISupportedInterfaceOrientations_iPad = "UIInterfaceOrientationPortrait UIInterfaceOrientationPortraitUpsideDown UIInterfaceOrientationLandscapeLeft UIInterfaceOrientationLandscapeRight";
				INFOPLIST_KEY_UISupportedInterfaceOrientations_iPhone = "UIInterfaceOrientationPortrait UIInterfaceOrientationLandscapeLeft UIInterfaceOrientationLandscapeRight";
				LD_RUNPATH_SEARCH_PATHS = (
					"$(inherited)",
					"@executable_path/Frameworks",
				);
				MARKETING_VERSION = 1.0;
				PRODUCT_BUNDLE_IDENTIFIER = umciosstudy.KREAM;
				PRODUCT_NAME = "$(TARGET_NAME)";
				SWIFT_EMIT_LOC_STRINGS = YES;
				SWIFT_VERSION = 5.0;
				TARGETED_DEVICE_FAMILY = "1,2";
			};
			name = Debug;
		};
		1ECD1FFB2CB9774B007DFF8D /* Release */ = {
			isa = XCBuildConfiguration;
			buildSettings = {
				ASSETCATALOG_COMPILER_APPICON_NAME = AppIcon;
				ASSETCATALOG_COMPILER_GLOBAL_ACCENT_COLOR_NAME = AccentColor;
				CODE_SIGN_STYLE = Automatic;
				CURRENT_PROJECT_VERSION = 1;
				GENERATE_INFOPLIST_FILE = YES;
				INFOPLIST_FILE = KREAM/Info.plist;
				INFOPLIST_KEY_UIApplicationSupportsIndirectInputEvents = YES;
				INFOPLIST_KEY_UILaunchStoryboardName = LaunchScreen;
				INFOPLIST_KEY_UISupportedInterfaceOrientations_iPad = "UIInterfaceOrientationPortrait UIInterfaceOrientationPortraitUpsideDown UIInterfaceOrientationLandscapeLeft UIInterfaceOrientationLandscapeRight";
				INFOPLIST_KEY_UISupportedInterfaceOrientations_iPhone = "UIInterfaceOrientationPortrait UIInterfaceOrientationLandscapeLeft UIInterfaceOrientationLandscapeRight";
				LD_RUNPATH_SEARCH_PATHS = (
					"$(inherited)",
					"@executable_path/Frameworks",
				);
				MARKETING_VERSION = 1.0;
				PRODUCT_BUNDLE_IDENTIFIER = umciosstudy.KREAM;
				PRODUCT_NAME = "$(TARGET_NAME)";
				SWIFT_EMIT_LOC_STRINGS = YES;
				SWIFT_VERSION = 5.0;
				TARGETED_DEVICE_FAMILY = "1,2";
			};
			name = Release;
		};
		1ECD1FFC2CB9774B007DFF8D /* Debug */ = {
			isa = XCBuildConfiguration;
			buildSettings = {
				ALWAYS_SEARCH_USER_PATHS = NO;
				ASSETCATALOG_COMPILER_GENERATE_SWIFT_ASSET_SYMBOL_EXTENSIONS = YES;
				CLANG_ANALYZER_NONNULL = YES;
				CLANG_ANALYZER_NUMBER_OBJECT_CONVERSION = YES_AGGRESSIVE;
				CLANG_CXX_LANGUAGE_STANDARD = "gnu++20";
				CLANG_ENABLE_MODULES = YES;
				CLANG_ENABLE_OBJC_ARC = YES;
				CLANG_ENABLE_OBJC_WEAK = YES;
				CLANG_WARN_BLOCK_CAPTURE_AUTORELEASING = YES;
				CLANG_WARN_BOOL_CONVERSION = YES;
				CLANG_WARN_COMMA = YES;
				CLANG_WARN_CONSTANT_CONVERSION = YES;
				CLANG_WARN_DEPRECATED_OBJC_IMPLEMENTATIONS = YES;
				CLANG_WARN_DIRECT_OBJC_ISA_USAGE = YES_ERROR;
				CLANG_WARN_DOCUMENTATION_COMMENTS = YES;
				CLANG_WARN_EMPTY_BODY = YES;
				CLANG_WARN_ENUM_CONVERSION = YES;
				CLANG_WARN_INFINITE_RECURSION = YES;
				CLANG_WARN_INT_CONVERSION = YES;
				CLANG_WARN_NON_LITERAL_NULL_CONVERSION = YES;
				CLANG_WARN_OBJC_IMPLICIT_RETAIN_SELF = YES;
				CLANG_WARN_OBJC_LITERAL_CONVERSION = YES;
				CLANG_WARN_OBJC_ROOT_CLASS = YES_ERROR;
				CLANG_WARN_QUOTED_INCLUDE_IN_FRAMEWORK_HEADER = YES;
				CLANG_WARN_RANGE_LOOP_ANALYSIS = YES;
				CLANG_WARN_STRICT_PROTOTYPES = YES;
				CLANG_WARN_SUSPICIOUS_MOVE = YES;
				CLANG_WARN_UNGUARDED_AVAILABILITY = YES_AGGRESSIVE;
				CLANG_WARN_UNREACHABLE_CODE = YES;
				CLANG_WARN__DUPLICATE_METHOD_MATCH = YES;
				COPY_PHASE_STRIP = NO;
				DEBUG_INFORMATION_FORMAT = dwarf;
				ENABLE_STRICT_OBJC_MSGSEND = YES;
				ENABLE_TESTABILITY = YES;
				ENABLE_USER_SCRIPT_SANDBOXING = YES;
				GCC_C_LANGUAGE_STANDARD = gnu17;
				GCC_DYNAMIC_NO_PIC = NO;
				GCC_NO_COMMON_BLOCKS = YES;
				GCC_OPTIMIZATION_LEVEL = 0;
				GCC_PREPROCESSOR_DEFINITIONS = (
					"DEBUG=1",
					"$(inherited)",
				);
				GCC_WARN_64_TO_32_BIT_CONVERSION = YES;
				GCC_WARN_ABOUT_RETURN_TYPE = YES_ERROR;
				GCC_WARN_UNDECLARED_SELECTOR = YES;
				GCC_WARN_UNINITIALIZED_AUTOS = YES_AGGRESSIVE;
				GCC_WARN_UNUSED_FUNCTION = YES;
				GCC_WARN_UNUSED_VARIABLE = YES;
				INFOPLIST_FILE = /Users/taebin2/Desktop/KREAM/KREAM/Info.plist;
				IPHONEOS_DEPLOYMENT_TARGET = 18.0;
				LOCALIZATION_PREFERS_STRING_CATALOGS = YES;
				MTL_ENABLE_DEBUG_INFO = INCLUDE_SOURCE;
				MTL_FAST_MATH = YES;
				ONLY_ACTIVE_ARCH = YES;
				SDKROOT = iphoneos;
				SWIFT_ACTIVE_COMPILATION_CONDITIONS = "DEBUG $(inherited)";
				SWIFT_OPTIMIZATION_LEVEL = "-Onone";
			};
			name = Debug;
		};
		1ECD1FFD2CB9774B007DFF8D /* Release */ = {
			isa = XCBuildConfiguration;
			buildSettings = {
				ALWAYS_SEARCH_USER_PATHS = NO;
				ASSETCATALOG_COMPILER_GENERATE_SWIFT_ASSET_SYMBOL_EXTENSIONS = YES;
				CLANG_ANALYZER_NONNULL = YES;
				CLANG_ANALYZER_NUMBER_OBJECT_CONVERSION = YES_AGGRESSIVE;
				CLANG_CXX_LANGUAGE_STANDARD = "gnu++20";
				CLANG_ENABLE_MODULES = YES;
				CLANG_ENABLE_OBJC_ARC = YES;
				CLANG_ENABLE_OBJC_WEAK = YES;
				CLANG_WARN_BLOCK_CAPTURE_AUTORELEASING = YES;
				CLANG_WARN_BOOL_CONVERSION = YES;
				CLANG_WARN_COMMA = YES;
				CLANG_WARN_CONSTANT_CONVERSION = YES;
				CLANG_WARN_DEPRECATED_OBJC_IMPLEMENTATIONS = YES;
				CLANG_WARN_DIRECT_OBJC_ISA_USAGE = YES_ERROR;
				CLANG_WARN_DOCUMENTATION_COMMENTS = YES;
				CLANG_WARN_EMPTY_BODY = YES;
				CLANG_WARN_ENUM_CONVERSION = YES;
				CLANG_WARN_INFINITE_RECURSION = YES;
				CLANG_WARN_INT_CONVERSION = YES;
				CLANG_WARN_NON_LITERAL_NULL_CONVERSION = YES;
				CLANG_WARN_OBJC_IMPLICIT_RETAIN_SELF = YES;
				CLANG_WARN_OBJC_LITERAL_CONVERSION = YES;
				CLANG_WARN_OBJC_ROOT_CLASS = YES_ERROR;
				CLANG_WARN_QUOTED_INCLUDE_IN_FRAMEWORK_HEADER = YES;
				CLANG_WARN_RANGE_LOOP_ANALYSIS = YES;
				CLANG_WARN_STRICT_PROTOTYPES = YES;
				CLANG_WARN_SUSPICIOUS_MOVE = YES;
				CLANG_WARN_UNGUARDED_AVAILABILITY = YES_AGGRESSIVE;
				CLANG_WARN_UNREACHABLE_CODE = YES;
				CLANG_WARN__DUPLICATE_METHOD_MATCH = YES;
				COPY_PHASE_STRIP = NO;
				DEBUG_INFORMATION_FORMAT = "dwarf-with-dsym";
				ENABLE_NS_ASSERTIONS = NO;
				ENABLE_STRICT_OBJC_MSGSEND = YES;
				ENABLE_USER_SCRIPT_SANDBOXING = YES;
				GCC_C_LANGUAGE_STANDARD = gnu17;
				GCC_NO_COMMON_BLOCKS = YES;
				GCC_WARN_64_TO_32_BIT_CONVERSION = YES;
				GCC_WARN_ABOUT_RETURN_TYPE = YES_ERROR;
				GCC_WARN_UNDECLARED_SELECTOR = YES;
				GCC_WARN_UNINITIALIZED_AUTOS = YES_AGGRESSIVE;
				GCC_WARN_UNUSED_FUNCTION = YES;
				GCC_WARN_UNUSED_VARIABLE = YES;
				INFOPLIST_FILE = /Users/taebin2/Desktop/KREAM/KREAM/Info.plist;
				IPHONEOS_DEPLOYMENT_TARGET = 18.0;
				LOCALIZATION_PREFERS_STRING_CATALOGS = YES;
				MTL_ENABLE_DEBUG_INFO = NO;
				MTL_FAST_MATH = YES;
				SDKROOT = iphoneos;
				SWIFT_COMPILATION_MODE = wholemodule;
				VALIDATE_PRODUCT = YES;
			};
			name = Release;
		};
		1ECD1FFF2CB9774B007DFF8D /* Debug */ = {
			isa = XCBuildConfiguration;
			buildSettings = {
				BUNDLE_LOADER = "$(TEST_HOST)";
				CODE_SIGN_STYLE = Automatic;
				CURRENT_PROJECT_VERSION = 1;
				GENERATE_INFOPLIST_FILE = YES;
				IPHONEOS_DEPLOYMENT_TARGET = 18.0;
				MARKETING_VERSION = 1.0;
				PRODUCT_BUNDLE_IDENTIFIER = umciosstudy.KREAMTests;
				PRODUCT_NAME = "$(TARGET_NAME)";
				SWIFT_EMIT_LOC_STRINGS = NO;
				SWIFT_VERSION = 5.0;
				TARGETED_DEVICE_FAMILY = "1,2";
				TEST_HOST = "$(BUILT_PRODUCTS_DIR)/KREAM.app/$(BUNDLE_EXECUTABLE_FOLDER_PATH)/KREAM";
			};
			name = Debug;
		};
		1ECD20002CB9774B007DFF8D /* Release */ = {
			isa = XCBuildConfiguration;
			buildSettings = {
				BUNDLE_LOADER = "$(TEST_HOST)";
				CODE_SIGN_STYLE = Automatic;
				CURRENT_PROJECT_VERSION = 1;
				GENERATE_INFOPLIST_FILE = YES;
				IPHONEOS_DEPLOYMENT_TARGET = 18.0;
				MARKETING_VERSION = 1.0;
				PRODUCT_BUNDLE_IDENTIFIER = umciosstudy.KREAMTests;
				PRODUCT_NAME = "$(TARGET_NAME)";
				SWIFT_EMIT_LOC_STRINGS = NO;
				SWIFT_VERSION = 5.0;
				TARGETED_DEVICE_FAMILY = "1,2";
				TEST_HOST = "$(BUILT_PRODUCTS_DIR)/KREAM.app/$(BUNDLE_EXECUTABLE_FOLDER_PATH)/KREAM";
			};
			name = Release;
		};
		1ECD20022CB9774B007DFF8D /* Debug */ = {
			isa = XCBuildConfiguration;
			buildSettings = {
				CODE_SIGN_STYLE = Automatic;
				CURRENT_PROJECT_VERSION = 1;
				GENERATE_INFOPLIST_FILE = YES;
				MARKETING_VERSION = 1.0;
				PRODUCT_BUNDLE_IDENTIFIER = umciosstudy.KREAMUITests;
				PRODUCT_NAME = "$(TARGET_NAME)";
				SWIFT_EMIT_LOC_STRINGS = NO;
				SWIFT_VERSION = 5.0;
				TARGETED_DEVICE_FAMILY = "1,2";
				TEST_TARGET_NAME = KREAM;
			};
			name = Debug;
		};
		1ECD20032CB9774B007DFF8D /* Release */ = {
			isa = XCBuildConfiguration;
			buildSettings = {
				CODE_SIGN_STYLE = Automatic;
				CURRENT_PROJECT_VERSION = 1;
				GENERATE_INFOPLIST_FILE = YES;
				MARKETING_VERSION = 1.0;
				PRODUCT_BUNDLE_IDENTIFIER = umciosstudy.KREAMUITests;
				PRODUCT_NAME = "$(TARGET_NAME)";
				SWIFT_EMIT_LOC_STRINGS = NO;
				SWIFT_VERSION = 5.0;
				TARGETED_DEVICE_FAMILY = "1,2";
				TEST_TARGET_NAME = KREAM;
			};
			name = Release;
		};
/* End XCBuildConfiguration section */

/* Begin XCConfigurationList section */
		1ECD1FCB2CB97749007DFF8D /* Build configuration list for PBXProject "KREAM" */ = {
			isa = XCConfigurationList;
			buildConfigurations = (
				1ECD1FFC2CB9774B007DFF8D /* Debug */,
				1ECD1FFD2CB9774B007DFF8D /* Release */,
			);
			defaultConfigurationIsVisible = 0;
			defaultConfigurationName = Release;
		};
		1ECD1FF92CB9774B007DFF8D /* Build configuration list for PBXNativeTarget "KREAM" */ = {
			isa = XCConfigurationList;
			buildConfigurations = (
				1ECD1FFA2CB9774B007DFF8D /* Debug */,
				1ECD1FFB2CB9774B007DFF8D /* Release */,
			);
			defaultConfigurationIsVisible = 0;
			defaultConfigurationName = Release;
		};
		1ECD1FFE2CB9774B007DFF8D /* Build configuration list for PBXNativeTarget "KREAMTests" */ = {
			isa = XCConfigurationList;
			buildConfigurations = (
				1ECD1FFF2CB9774B007DFF8D /* Debug */,
				1ECD20002CB9774B007DFF8D /* Release */,
			);
			defaultConfigurationIsVisible = 0;
			defaultConfigurationName = Release;
		};
		1ECD20012CB9774B007DFF8D /* Build configuration list for PBXNativeTarget "KREAMUITests" */ = {
			isa = XCConfigurationList;
			buildConfigurations = (
				1ECD20022CB9774B007DFF8D /* Debug */,
				1ECD20032CB9774B007DFF8D /* Release */,
			);
			defaultConfigurationIsVisible = 0;
			defaultConfigurationName = Release;
		};
/* End XCConfigurationList section */

/* Begin XCRemoteSwiftPackageReference section */
		1EB2ABA62CBE850400782620 /* XCRemoteSwiftPackageReference "Then" */ = {
			isa = XCRemoteSwiftPackageReference;
			repositoryURL = "https://github.com/devxoul/Then";
			requirement = {
				kind = upToNextMajorVersion;
				minimumVersion = 3.0.0;
			};
		};
		1ECD20302CB995D3007DFF8D /* XCRemoteSwiftPackageReference "SnapKit" */ = {
			isa = XCRemoteSwiftPackageReference;
			repositoryURL = "https://github.com/SnapKit/SnapKit";
			requirement = {
				kind = upToNextMajorVersion;
				minimumVersion = 5.7.1;
			};
		};
/* End XCRemoteSwiftPackageReference section */

/* Begin XCSwiftPackageProductDependency section */
		1EB2ABA72CBE850400782620 /* Then */ = {
			isa = XCSwiftPackageProductDependency;
			package = 1EB2ABA62CBE850400782620 /* XCRemoteSwiftPackageReference "Then" */;
			productName = Then;
		};
		1ECD20312CB995D3007DFF8D /* SnapKit */ = {
			isa = XCSwiftPackageProductDependency;
			package = 1ECD20302CB995D3007DFF8D /* XCRemoteSwiftPackageReference "SnapKit" */;
			productName = SnapKit;
		};
/* End XCSwiftPackageProductDependency section */
	};
	rootObject = 1ECD1FC82CB97749007DFF8D /* Project object */;
}
